
Microsoft Visual Studio Solution File, Format Version 12.00
# Visual Studio Version 17
VisualStudioVersion = 17.0.31903.59
MinimumVisualStudioVersion = 10.0.40219.1
Project("{2150E333-8FDC-42A3-9474-1A3956D46DE8}") = "src", "src", "{827E0CD3-B72D-47B6-A68D-7590B98EB39B}"
EndProject
Project("{FAE04EC0-301F-11D3-BF4B-00C04F79EFBC}") = "Yahatl.AppHost", "src\Yahatl.AppHost\Yahatl.AppHost.csproj", "{6078F535-EB74-4C3C-8F98-563EBE3431CA}"
EndProject
Project("{FAE04EC0-301F-11D3-BF4B-00C04F79EFBC}") = "Yahatl.ServiceDefaults", "src\Yahatl.ServiceDefaults\Yahatl.ServiceDefaults.csproj", "{8F2C8340-834D-4E13-B6A4-24FB7DFD39DD}"
EndProject
Project("{FAE04EC0-301F-11D3-BF4B-00C04F79EFBC}") = "Yahatl.Api", "src\Yahatl.Api\Yahatl.Api.csproj", "{F3746EA6-C713-4A1D-9048-64CA47E5EEBF}"
EndProject
Project("{FAE04EC0-301F-11D3-BF4B-00C04F79EFBC}") = "Yahatl.Domain", "src\Yahatl.Domain\Yahatl.Domain.csproj", "{9555674D-871D-4D23-9720-294BFDC0DDDA}"
EndProject
Project("{FAE04EC0-301F-11D3-BF4B-00C04F79EFBC}") = "Yahatl.Infrastructure", "src\Yahatl.Infrastructure\Yahatl.Infrastructure.csproj", "{2B36B371-5F9D-4535-84EC-C2C38F04A1AA}"
EndProject
Project("{FAE04EC0-301F-11D3-BF4B-00C04F79EFBC}") = "Yahatl.Api.Client", "src\Yahatl.Api.Client\Yahatl.Api.Client.csproj", "{9AE68727-731E-41EF-A407-EF50131B0A27}"
EndProject
Project("{2150E333-8FDC-42A3-9474-1A3956D46DE8}") = "tests", "tests", "{0AB3BF05-4346-4AA6-1389-037BE0695223}"
EndProject
Project("{FAE04EC0-301F-11D3-BF4B-00C04F79EFBC}") = "Yahatl.Domain.Tests", "tests\Yahatl.Domain.Tests\Yahatl.Domain.Tests.csproj", "{2759735A-C9A5-4AC5-9D79-B981AE5AF8B8}"
EndProject
Project("{FAE04EC0-301F-11D3-BF4B-00C04F79EFBC}") = "Yahatl.Api.Tests", "tests\Yahatl.Api.Tests\Yahatl.Api.Tests.csproj", "{AA71C677-E836-4EFA-B6B2-93210A92D772}"
EndProject
Project("{FAE04EC0-301F-11D3-BF4B-00C04F79EFBC}") = "Yahatl.Infrastructure.Tests", "tests\Yahatl.Infrastructure.Tests\Yahatl.Infrastructure.Tests.csproj", "{E134A4E7-7F12-447B-AF00-F4DA301F77E7}"
EndProject
Global
	GlobalSection(SolutionConfigurationPlatforms) = preSolution
		Debug|Any CPU = Debug|Any CPU
		Debug|x64 = Debug|x64
		Debug|x86 = Debug|x86
		Release|Any CPU = Release|Any CPU
		Release|x64 = Release|x64
		Release|x86 = Release|x86
	EndGlobalSection
	GlobalSection(ProjectConfigurationPlatforms) = postSolution
		{6078F535-EB74-4C3C-8F98-563EBE3431CA}.Debug|Any CPU.ActiveCfg = Debug|Any CPU
		{6078F535-EB74-4C3C-8F98-563EBE3431CA}.Debug|Any CPU.Build.0 = Debug|Any CPU
		{6078F535-EB74-4C3C-8F98-563EBE3431CA}.Debug|x64.ActiveCfg = Debug|Any CPU
		{6078F535-EB74-4C3C-8F98-563EBE3431CA}.Debug|x64.Build.0 = Debug|Any CPU
		{6078F535-EB74-4C3C-8F98-563EBE3431CA}.Debug|x86.ActiveCfg = Debug|Any CPU
		{6078F535-EB74-4C3C-8F98-563EBE3431CA}.Debug|x86.Build.0 = Debug|Any CPU
		{6078F535-EB74-4C3C-8F98-563EBE3431CA}.Release|Any CPU.ActiveCfg = Release|Any CPU
		{6078F535-EB74-4C3C-8F98-563EBE3431CA}.Release|Any CPU.Build.0 = Release|Any CPU
		{6078F535-EB74-4C3C-8F98-563EBE3431CA}.Release|x64.ActiveCfg = Release|Any CPU
		{6078F535-EB74-4C3C-8F98-563EBE3431CA}.Release|x64.Build.0 = Release|Any CPU
		{6078F535-EB74-4C3C-8F98-563EBE3431CA}.Release|x86.ActiveCfg = Release|Any CPU
		{6078F535-EB74-4C3C-8F98-563EBE3431CA}.Release|x86.Build.0 = Release|Any CPU
		{8F2C8340-834D-4E13-B6A4-24FB7DFD39DD}.Debug|Any CPU.ActiveCfg = Debug|Any CPU
		{8F2C8340-834D-4E13-B6A4-24FB7DFD39DD}.Debug|Any CPU.Build.0 = Debug|Any CPU
		{8F2C8340-834D-4E13-B6A4-24FB7DFD39DD}.Debug|x64.ActiveCfg = Debug|Any CPU
		{8F2C8340-834D-4E13-B6A4-24FB7DFD39DD}.Debug|x64.Build.0 = Debug|Any CPU
		{8F2C8340-834D-4E13-B6A4-24FB7DFD39DD}.Debug|x86.ActiveCfg = Debug|Any CPU
		{8F2C8340-834D-4E13-B6A4-24FB7DFD39DD}.Debug|x86.Build.0 = Debug|Any CPU
		{8F2C8340-834D-4E13-B6A4-24FB7DFD39DD}.Release|Any CPU.ActiveCfg = Release|Any CPU
		{8F2C8340-834D-4E13-B6A4-24FB7DFD39DD}.Release|Any CPU.Build.0 = Release|Any CPU
		{8F2C8340-834D-4E13-B6A4-24FB7DFD39DD}.Release|x64.ActiveCfg = Release|Any CPU
		{8F2C8340-834D-4E13-B6A4-24FB7DFD39DD}.Release|x64.Build.0 = Release|Any CPU
		{8F2C8340-834D-4E13-B6A4-24FB7DFD39DD}.Release|x86.ActiveCfg = Release|Any CPU
		{8F2C8340-834D-4E13-B6A4-24FB7DFD39DD}.Release|x86.Build.0 = Release|Any CPU
		{F3746EA6-C713-4A1D-9048-64CA47E5EEBF}.Debug|Any CPU.ActiveCfg = Debug|Any CPU
		{F3746EA6-C713-4A1D-9048-64CA47E5EEBF}.Debug|Any CPU.Build.0 = Debug|Any CPU
		{F3746EA6-C713-4A1D-9048-64CA47E5EEBF}.Debug|x64.ActiveCfg = Debug|Any CPU
		{F3746EA6-C713-4A1D-9048-64CA47E5EEBF}.Debug|x64.Build.0 = Debug|Any CPU
		{F3746EA6-C713-4A1D-9048-64CA47E5EEBF}.Debug|x86.ActiveCfg = Debug|Any CPU
		{F3746EA6-C713-4A1D-9048-64CA47E5EEBF}.Debug|x86.Build.0 = Debug|Any CPU
		{F3746EA6-C713-4A1D-9048-64CA47E5EEBF}.Release|Any CPU.ActiveCfg = Release|Any CPU
		{F3746EA6-C713-4A1D-9048-64CA47E5EEBF}.Release|Any CPU.Build.0 = Release|Any CPU
		{F3746EA6-C713-4A1D-9048-64CA47E5EEBF}.Release|x64.ActiveCfg = Release|Any CPU
		{F3746EA6-C713-4A1D-9048-64CA47E5EEBF}.Release|x64.Build.0 = Release|Any CPU
		{F3746EA6-C713-4A1D-9048-64CA47E5EEBF}.Release|x86.ActiveCfg = Release|Any CPU
		{F3746EA6-C713-4A1D-9048-64CA47E5EEBF}.Release|x86.Build.0 = Release|Any CPU
		{9555674D-871D-4D23-9720-294BFDC0DDDA}.Debug|Any CPU.ActiveCfg = Debug|Any CPU
		{9555674D-871D-4D23-9720-294BFDC0DDDA}.Debug|Any CPU.Build.0 = Debug|Any CPU
		{9555674D-871D-4D23-9720-294BFDC0DDDA}.Debug|x64.ActiveCfg = Debug|Any CPU
		{9555674D-871D-4D23-9720-294BFDC0DDDA}.Debug|x64.Build.0 = Debug|Any CPU
		{9555674D-871D-4D23-9720-294BFDC0DDDA}.Debug|x86.ActiveCfg = Debug|Any CPU
		{9555674D-871D-4D23-9720-294BFDC0DDDA}.Debug|x86.Build.0 = Debug|Any CPU
		{9555674D-871D-4D23-9720-294BFDC0DDDA}.Release|Any CPU.ActiveCfg = Release|Any CPU
		{9555674D-871D-4D23-9720-294BFDC0DDDA}.Release|Any CPU.Build.0 = Release|Any CPU
		{9555674D-871D-4D23-9720-294BFDC0DDDA}.Release|x64.ActiveCfg = Release|Any CPU
		{9555674D-871D-4D23-9720-294BFDC0DDDA}.Release|x64.Build.0 = Release|Any CPU
		{9555674D-871D-4D23-9720-294BFDC0DDDA}.Release|x86.ActiveCfg = Release|Any CPU
		{9555674D-871D-4D23-9720-294BFDC0DDDA}.Release|x86.Build.0 = Release|Any CPU
		{2B36B371-5F9D-4535-84EC-C2C38F04A1AA}.Debug|Any CPU.ActiveCfg = Debug|Any CPU
		{2B36B371-5F9D-4535-84EC-C2C38F04A1AA}.Debug|Any CPU.Build.0 = Debug|Any CPU
		{2B36B371-5F9D-4535-84EC-C2C38F04A1AA}.Debug|x64.ActiveCfg = Debug|Any CPU
		{2B36B371-5F9D-4535-84EC-C2C38F04A1AA}.Debug|x64.Build.0 = Debug|Any CPU
		{2B36B371-5F9D-4535-84EC-C2C38F04A1AA}.Debug|x86.ActiveCfg = Debug|Any CPU
		{2B36B371-5F9D-4535-84EC-C2C38F04A1AA}.Debug|x86.Build.0 = Debug|Any CPU
		{2B36B371-5F9D-4535-84EC-C2C38F04A1AA}.Release|Any CPU.ActiveCfg = Release|Any CPU
		{2B36B371-5F9D-4535-84EC-C2C38F04A1AA}.Release|Any CPU.Build.0 = Release|Any CPU
		{2B36B371-5F9D-4535-84EC-C2C38F04A1AA}.Release|x64.ActiveCfg = Release|Any CPU
		{2B36B371-5F9D-4535-84EC-C2C38F04A1AA}.Release|x64.Build.0 = Release|Any CPU
		{2B36B371-5F9D-4535-84EC-C2C38F04A1AA}.Release|x86.ActiveCfg = Release|Any CPU
		{2B36B371-5F9D-4535-84EC-C2C38F04A1AA}.Release|x86.Build.0 = Release|Any CPU
		{9AE68727-731E-41EF-A407-EF50131B0A27}.Debug|Any CPU.ActiveCfg = Debug|Any CPU
		{9AE68727-731E-41EF-A407-EF50131B0A27}.Debug|Any CPU.Build.0 = Debug|Any CPU
		{9AE68727-731E-41EF-A407-EF50131B0A27}.Debug|x64.ActiveCfg = Debug|Any CPU
		{9AE68727-731E-41EF-A407-EF50131B0A27}.Debug|x64.Build.0 = Debug|Any CPU
		{9AE68727-731E-41EF-A407-EF50131B0A27}.Debug|x86.ActiveCfg = Debug|Any CPU
		{9AE68727-731E-41EF-A407-EF50131B0A27}.Debug|x86.Build.0 = Debug|Any CPU
		{9AE68727-731E-41EF-A407-EF50131B0A27}.Release|Any CPU.ActiveCfg = Release|Any CPU
		{9AE68727-731E-41EF-A407-EF50131B0A27}.Release|Any CPU.Build.0 = Release|Any CPU
		{9AE68727-731E-41EF-A407-EF50131B0A27}.Release|x64.ActiveCfg = Release|Any CPU
		{9AE68727-731E-41EF-A407-EF50131B0A27}.Release|x64.Build.0 = Release|Any CPU
		{9AE68727-731E-41EF-A407-EF50131B0A27}.Release|x86.ActiveCfg = Release|Any CPU
		{9AE68727-731E-41EF-A407-EF50131B0A27}.Release|x86.Build.0 = Release|Any CPU
		{2759735A-C9A5-4AC5-9D79-B981AE5AF8B8}.Debug|Any CPU.ActiveCfg = Debug|Any CPU
		{2759735A-C9A5-4AC5-9D79-B981AE5AF8B8}.Debug|Any CPU.Build.0 = Debug|Any CPU
		{2759735A-C9A5-4AC5-9D79-B981AE5AF8B8}.Debug|x64.ActiveCfg = Debug|Any CPU
		{2759735A-C9A5-4AC5-9D79-B981AE5AF8B8}.Debug|x64.Build.0 = Debug|Any CPU
		{2759735A-C9A5-4AC5-9D79-B981AE5AF8B8}.Debug|x86.ActiveCfg = Debug|Any CPU
		{2759735A-C9A5-4AC5-9D79-B981AE5AF8B8}.Debug|x86.Build.0 = Debug|Any CPU
		{2759735A-C9A5-4AC5-9D79-B981AE5AF8B8}.Release|Any CPU.ActiveCfg = Release|Any CPU
		{2759735A-C9A5-4AC5-9D79-B981AE5AF8B8}.Release|Any CPU.Build.0 = Release|Any CPU
		{2759735A-C9A5-4AC5-9D79-B981AE5AF8B8}.Release|x64.ActiveCfg = Release|Any CPU
		{2759735A-C9A5-4AC5-9D79-B981AE5AF8B8}.Release|x64.Build.0 = Release|Any CPU
		{2759735A-C9A5-4AC5-9D79-B981AE5AF8B8}.Release|x86.ActiveCfg = Release|Any CPU
		{2759735A-C9A5-4AC5-9D79-B981AE5AF8B8}.Release|x86.Build.0 = Release|Any CPU
		{AA71C677-E836-4EFA-B6B2-93210A92D772}.Debug|Any CPU.ActiveCfg = Debug|Any CPU
		{AA71C677-E836-4EFA-B6B2-93210A92D772}.Debug|Any CPU.Build.0 = Debug|Any CPU
		{AA71C677-E836-4EFA-B6B2-93210A92D772}.Debug|x64.ActiveCfg = Debug|Any CPU
		{AA71C677-E836-4EFA-B6B2-93210A92D772}.Debug|x64.Build.0 = Debug|Any CPU
		{AA71C677-E836-4EFA-B6B2-93210A92D772}.Debug|x86.ActiveCfg = Debug|Any CPU
		{AA71C677-E836-4EFA-B6B2-93210A92D772}.Debug|x86.Build.0 = Debug|Any CPU
		{AA71C677-E836-4EFA-B6B2-93210A92D772}.Release|Any CPU.ActiveCfg = Release|Any CPU
		{AA71C677-E836-4EFA-B6B2-93210A92D772}.Release|Any CPU.Build.0 = Release|Any CPU
		{AA71C677-E836-4EFA-B6B2-93210A92D772}.Release|x64.ActiveCfg = Release|Any CPU
		{AA71C677-E836-4EFA-B6B2-93210A92D772}.Release|x64.Build.0 = Release|Any CPU
		{AA71C677-E836-4EFA-B6B2-93210A92D772}.Release|x86.ActiveCfg = Release|Any CPU
		{AA71C677-E836-4EFA-B6B2-93210A92D772}.Release|x86.Build.0 = Release|Any CPU
		{E134A4E7-7F12-447B-AF00-F4DA301F77E7}.Debug|Any CPU.ActiveCfg = Debug|Any CPU
		{E134A4E7-7F12-447B-AF00-F4DA301F77E7}.Debug|Any CPU.Build.0 = Debug|Any CPU
		{E134A4E7-7F12-447B-AF00-F4DA301F77E7}.Debug|x64.ActiveCfg = Debug|Any CPU
		{E134A4E7-7F12-447B-AF00-F4DA301F77E7}.Debug|x64.Build.0 = Debug|Any CPU
		{E134A4E7-7F12-447B-AF00-F4DA301F77E7}.Debug|x86.ActiveCfg = Debug|Any CPU
		{E134A4E7-7F12-447B-AF00-F4DA301F77E7}.Debug|x86.Build.0 = Debug|Any CPU
		{E134A4E7-7F12-447B-AF00-F4DA301F77E7}.Release|Any CPU.ActiveCfg = Release|Any CPU
		{E134A4E7-7F12-447B-AF00-F4DA301F77E7}.Release|Any CPU.Build.0 = Release|Any CPU
		{E134A4E7-7F12-447B-AF00-F4DA301F77E7}.Release|x64.ActiveCfg = Release|Any CPU
		{E134A4E7-7F12-447B-AF00-F4DA301F77E7}.Release|x64.Build.0 = Release|Any CPU
		{E134A4E7-7F12-447B-AF00-F4DA301F77E7}.Release|x86.ActiveCfg = Release|Any CPU
		{E134A4E7-7F12-447B-AF00-F4DA301F77E7}.Release|x86.Build.0 = Release|Any CPU
	EndGlobalSection
	GlobalSection(SolutionProperties) = preSolution
		HideSolutionNode = FALSE
	EndGlobalSection
	GlobalSection(NestedProjects) = preSolution
		{6078F535-EB74-4C3C-8F98-563EBE3431CA} = {827E0CD3-B72D-47B6-A68D-7590B98EB39B}
		{8F2C8340-834D-4E13-B6A4-24FB7DFD39DD} = {827E0CD3-B72D-47B6-A68D-7590B98EB39B}
		{F3746EA6-C713-4A1D-9048-64CA47E5EEBF} = {827E0CD3-B72D-47B6-A68D-7590B98EB39B}
		{9555674D-871D-4D23-9720-294BFDC0DDDA} = {827E0CD3-B72D-47B6-A68D-7590B98EB39B}
		{2B36B371-5F9D-4535-84EC-C2C38F04A1AA} = {827E0CD3-B72D-47B6-A68D-7590B98EB39B}
		{9AE68727-731E-41EF-A407-EF50131B0A27} = {827E0CD3-B72D-47B6-A68D-7590B98EB39B}
		{2759735A-C9A5-4AC5-9D79-B981AE5AF8B8} = {0AB3BF05-4346-4AA6-1389-037BE0695223}
		{AA71C677-E836-4EFA-B6B2-93210A92D772} = {0AB3BF05-4346-4AA6-1389-037BE0695223}
		{E134A4E7-7F12-447B-AF00-F4DA301F77E7} = {0AB3BF05-4346-4AA6-1389-037BE0695223}
	EndGlobalSection
EndGlobal
